// !$*UTF8*$!
{
	archiveVersion = 1;
	classes = {
	};
	objectVersion = 70;
	objects = {

/* Begin PBXBuildFile section */
		4E25A6332C3C332E00066DFD /* AppDelegate.swift in Sources */ = {isa = PBXBuildFile; fileRef = 4E25A6322C3C332E00066DFD /* AppDelegate.swift */; };
		4E25A6352C3C332E00066DFD /* SceneDelegate.swift in Sources */ = {isa = PBXBuildFile; fileRef = 4E25A6342C3C332E00066DFD /* SceneDelegate.swift */; };
		4E25A63D2C3C332E00066DFD /* Project.xcdatamodeld in Sources */ = {isa = PBXBuildFile; fileRef = 4E25A63B2C3C332E00066DFD /* Project.xcdatamodeld */; };
		4E25A63F2C3C333100066DFD /* Assets.xcassets in Resources */ = {isa = PBXBuildFile; fileRef = 4E25A63E2C3C333100066DFD /* Assets.xcassets */; };
		4E25A6422C3C333100066DFD /* LaunchScreen.storyboard in Resources */ = {isa = PBXBuildFile; fileRef = 4E25A6402C3C333100066DFD /* LaunchScreen.storyboard */; };
		4E25A64A2C3C33A200066DFD /* HayCoordinator.swift in Sources */ = {isa = PBXBuildFile; fileRef = 4E25A6492C3C33A200066DFD /* HayCoordinator.swift */; };
		4E25A64C2C3C33A800066DFD /* Coordinator.swift in Sources */ = {isa = PBXBuildFile; fileRef = 4E25A64B2C3C33A800066DFD /* Coordinator.swift */; };
		4E25A64E2C3C33AE00066DFD /* HayTabBarController.swift in Sources */ = {isa = PBXBuildFile; fileRef = 4E25A64D2C3C33AE00066DFD /* HayTabBarController.swift */; };
		4E25A6502C3C33B200066DFD /* TabBarCoordinator.swift in Sources */ = {isa = PBXBuildFile; fileRef = 4E25A64F2C3C33B200066DFD /* TabBarCoordinator.swift */; };
		4E25A6562C3C33BE00066DFD /* HayView.swift in Sources */ = {isa = PBXBuildFile; fileRef = 4E25A6512C3C33BE00066DFD /* HayView.swift */; };
		4E25A6572C3C33BE00066DFD /* HayViewData.swift in Sources */ = {isa = PBXBuildFile; fileRef = 4E25A6522C3C33BE00066DFD /* HayViewData.swift */; };
		4E25A6582C3C33BE00066DFD /* HayViewController.swift in Sources */ = {isa = PBXBuildFile; fileRef = 4E25A6532C3C33BE00066DFD /* HayViewController.swift */; };
		4E25A6592C3C33BE00066DFD /* HayTableView.swift in Sources */ = {isa = PBXBuildFile; fileRef = 4E25A6542C3C33BE00066DFD /* HayTableView.swift */; };
		4E25A65A2C3C33BE00066DFD /* HayViewModel.swift in Sources */ = {isa = PBXBuildFile; fileRef = 4E25A6552C3C33BE00066DFD /* HayViewModel.swift */; };
		4E25A66B2C3C33DE00066DFD /* Inspiration.swift in Sources */ = {isa = PBXBuildFile; fileRef = 4E25A6672C3C33DE00066DFD /* Inspiration.swift */; };
		4E25A66C2C3C33DE00066DFD /* Designer.swift in Sources */ = {isa = PBXBuildFile; fileRef = 4E25A6682C3C33DE00066DFD /* Designer.swift */; };
		4E25A66D2C3C33DE00066DFD /* Category.swift in Sources */ = {isa = PBXBuildFile; fileRef = 4E25A6692C3C33DE00066DFD /* Category.swift */; };
		4E25A66E2C3C33DE00066DFD /* Product.swift in Sources */ = {isa = PBXBuildFile; fileRef = 4E25A66A2C3C33DE00066DFD /* Product.swift */; };
		4E25A6742C3C33E900066DFD /* HayEndpoints.swift in Sources */ = {isa = PBXBuildFile; fileRef = 4E25A66F2C3C33E900066DFD /* HayEndpoints.swift */; };
		4E25A6752C3C33E900066DFD /* HayServices.swift in Sources */ = {isa = PBXBuildFile; fileRef = 4E25A6702C3C33E900066DFD /* HayServices.swift */; };
		4E25A6762C3C33E900066DFD /* API.swift in Sources */ = {isa = PBXBuildFile; fileRef = 4E25A6712C3C33E900066DFD /* API.swift */; };
		4E25A6772C3C33E900066DFD /* RequestProcessorError.swift in Sources */ = {isa = PBXBuildFile; fileRef = 4E25A6722C3C33E900066DFD /* RequestProcessorError.swift */; };
		4E25A6782C3C33E900066DFD /* Endpoint.swift in Sources */ = {isa = PBXBuildFile; fileRef = 4E25A6732C3C33E900066DFD /* Endpoint.swift */; };
		4E25A67C2C3C33F000066DFD /* BigHeaderButton.swift in Sources */ = {isa = PBXBuildFile; fileRef = 4E25A6792C3C33F000066DFD /* BigHeaderButton.swift */; };
		4E25A67D2C3C33F000066DFD /* LikeButton.swift in Sources */ = {isa = PBXBuildFile; fileRef = 4E25A67A2C3C33F000066DFD /* LikeButton.swift */; };
		4E25A67E2C3C33F000066DFD /* BuyButton.swift in Sources */ = {isa = PBXBuildFile; fileRef = 4E25A67B2C3C33F000066DFD /* BuyButton.swift */; };
		4E25A6822C3C33F800066DFD /* Constants.swift in Sources */ = {isa = PBXBuildFile; fileRef = 4E25A67F2C3C33F700066DFD /* Constants.swift */; };
		4E25A6832C3C33F800066DFD /* UIColor + customColor.swift in Sources */ = {isa = PBXBuildFile; fileRef = 4E25A6802C3C33F700066DFD /* UIColor + customColor.swift */; };
		4E25A6842C3C33F800066DFD /* UITableView + registerCell.swift in Sources */ = {isa = PBXBuildFile; fileRef = 4E25A6812C3C33F700066DFD /* UITableView + registerCell.swift */; };
		4E25A69C2C44F0DC00066DFD /* Observer.swift in Sources */ = {isa = PBXBuildFile; fileRef = 4E25A69B2C44F0DC00066DFD /* Observer.swift */; };
		4E25A6BB2C494CC900066DFD /* ICoreDataService.swift in Sources */ = {isa = PBXBuildFile; fileRef = 4E25A6BA2C494CC900066DFD /* ICoreDataService.swift */; };
		4E25A6BF2C494D9A00066DFD /* CoreDataService.swift in Sources */ = {isa = PBXBuildFile; fileRef = 4E25A6BE2C494D9A00066DFD /* CoreDataService.swift */; };
		4E25A6C22C4951E600066DFD /* FavouriteProductsView.swift in Sources */ = {isa = PBXBuildFile; fileRef = 4E25A6C12C4951E600066DFD /* FavouriteProductsView.swift */; };
		4E25A6C42C49520200066DFD /* FavouriteProductsViewController.swift in Sources */ = {isa = PBXBuildFile; fileRef = 4E25A6C32C49520200066DFD /* FavouriteProductsViewController.swift */; };
		4E25A6C62C49525400066DFD /* FavouriteProductsViewModel.swift in Sources */ = {isa = PBXBuildFile; fileRef = 4E25A6C52C49525400066DFD /* FavouriteProductsViewModel.swift */; };
		4E25A6C82C49550B00066DFD /* BasicCollectionViewCell.swift in Sources */ = {isa = PBXBuildFile; fileRef = 4E25A6C72C49550B00066DFD /* BasicCollectionViewCell.swift */; };
		4E25A6CA2C4958B700066DFD /* FavouriteCoordinator.swift in Sources */ = {isa = PBXBuildFile; fileRef = 4E25A6C92C4958B700066DFD /* FavouriteCoordinator.swift */; };
		4E25A6CC2C4A363400066DFD /* ArrayDataSource.swift in Sources */ = {isa = PBXBuildFile; fileRef = 4E25A6CB2C4A363400066DFD /* ArrayDataSource.swift */; };
		4E25A6CE2C4A3B6300066DFD /* FavouriteViewData.swift in Sources */ = {isa = PBXBuildFile; fileRef = 4E25A6CD2C4A3B6300066DFD /* FavouriteViewData.swift */; };
		4E4D6C842C6379A800F47B5F /* PersistentContainerStorage.swift in Sources */ = {isa = PBXBuildFile; fileRef = 4E4D6C832C6379A800F47B5F /* PersistentContainerStorage.swift */; };
		4E4D6C882C6A094D00F47B5F /* ProductCDO.swift in Sources */ = {isa = PBXBuildFile; fileRef = 4E4D6C872C6A094C00F47B5F /* ProductCDO.swift */; };
		4E4D6CBD2C6DDE1500F47B5F /* UIFont + customFont.swift in Sources */ = {isa = PBXBuildFile; fileRef = 4E4D6CBC2C6DDE1400F47B5F /* UIFont + customFont.swift */; };
		4E5C24072C79BE54004EC7BF /* ErrorHandler.swift in Sources */ = {isa = PBXBuildFile; fileRef = 4E5C24062C79BE54004EC7BF /* ErrorHandler.swift */; };
		4EC4218A2CA160FC000630F2 /* HayProduct+CoreDataProperties.swift in Sources */ = {isa = PBXBuildFile; fileRef = 4EC421872CA160FC000630F2 /* HayProduct+CoreDataProperties.swift */; };
		4EC4218B2CA160FC000630F2 /* HayProduct+CoreDataClass.swift in Sources */ = {isa = PBXBuildFile; fileRef = 4EC421862CA160FC000630F2 /* HayProduct+CoreDataClass.swift */; };
		4EC4218E2CA1614D000630F2 /* Basket+CoreDataClass.swift in Sources */ = {isa = PBXBuildFile; fileRef = 4EC4218C2CA1614D000630F2 /* Basket+CoreDataClass.swift */; };
		4EC4218F2CA1614D000630F2 /* Basket+CoreDataProperties.swift in Sources */ = {isa = PBXBuildFile; fileRef = 4EC4218D2CA1614D000630F2 /* Basket+CoreDataProperties.swift */; };
		4ECD031F2C9C38C80070BB9C /* BasketCoordinator.swift in Sources */ = {isa = PBXBuildFile; fileRef = 4ECD031E2C9C38C80070BB9C /* BasketCoordinator.swift */; };
		4EDF6E6A2C803912007FAAEE /* HayTableViewSections.swift in Sources */ = {isa = PBXBuildFile; fileRef = 4EDF6E692C803912007FAAEE /* HayTableViewSections.swift */; };
		4EFA9A882C8456540051E52A /* LabelFactory.swift in Sources */ = {isa = PBXBuildFile; fileRef = 4EFA9A872C8456530051E52A /* LabelFactory.swift */; };
		4EFA9A8A2C8466E10051E52A /* DataFetcher.swift in Sources */ = {isa = PBXBuildFile; fileRef = 4EFA9A892C8466E10051E52A /* DataFetcher.swift */; };
/* End PBXBuildFile section */

/* Begin PBXFileReference section */
		4E25A62F2C3C332E00066DFD /* Project.app */ = {isa = PBXFileReference; explicitFileType = wrapper.application; includeInIndex = 0; path = Project.app; sourceTree = BUILT_PRODUCTS_DIR; };
		4E25A6322C3C332E00066DFD /* AppDelegate.swift */ = {isa = PBXFileReference; lastKnownFileType = sourcecode.swift; path = AppDelegate.swift; sourceTree = "<group>"; };
		4E25A6342C3C332E00066DFD /* SceneDelegate.swift */ = {isa = PBXFileReference; lastKnownFileType = sourcecode.swift; path = SceneDelegate.swift; sourceTree = "<group>"; };
		4E25A63C2C3C332E00066DFD /* Project.xcdatamodel */ = {isa = PBXFileReference; lastKnownFileType = wrapper.xcdatamodel; path = Project.xcdatamodel; sourceTree = "<group>"; };
		4E25A63E2C3C333100066DFD /* Assets.xcassets */ = {isa = PBXFileReference; lastKnownFileType = folder.assetcatalog; path = Assets.xcassets; sourceTree = "<group>"; };
		4E25A6412C3C333100066DFD /* Base */ = {isa = PBXFileReference; lastKnownFileType = file.storyboard; name = Base; path = Base.lproj/LaunchScreen.storyboard; sourceTree = "<group>"; };
		4E25A6432C3C333100066DFD /* Info.plist */ = {isa = PBXFileReference; lastKnownFileType = text.plist.xml; path = Info.plist; sourceTree = "<group>"; };
		4E25A6492C3C33A200066DFD /* HayCoordinator.swift */ = {isa = PBXFileReference; fileEncoding = 4; lastKnownFileType = sourcecode.swift; path = HayCoordinator.swift; sourceTree = "<group>"; };
		4E25A64B2C3C33A800066DFD /* Coordinator.swift */ = {isa = PBXFileReference; fileEncoding = 4; lastKnownFileType = sourcecode.swift; path = Coordinator.swift; sourceTree = "<group>"; };
		4E25A64D2C3C33AE00066DFD /* HayTabBarController.swift */ = {isa = PBXFileReference; fileEncoding = 4; lastKnownFileType = sourcecode.swift; path = HayTabBarController.swift; sourceTree = "<group>"; };
		4E25A64F2C3C33B200066DFD /* TabBarCoordinator.swift */ = {isa = PBXFileReference; fileEncoding = 4; lastKnownFileType = sourcecode.swift; path = TabBarCoordinator.swift; sourceTree = "<group>"; };
		4E25A6512C3C33BE00066DFD /* HayView.swift */ = {isa = PBXFileReference; fileEncoding = 4; lastKnownFileType = sourcecode.swift; path = HayView.swift; sourceTree = "<group>"; };
		4E25A6522C3C33BE00066DFD /* HayViewData.swift */ = {isa = PBXFileReference; fileEncoding = 4; lastKnownFileType = sourcecode.swift; path = HayViewData.swift; sourceTree = "<group>"; };
		4E25A6532C3C33BE00066DFD /* HayViewController.swift */ = {isa = PBXFileReference; fileEncoding = 4; lastKnownFileType = sourcecode.swift; path = HayViewController.swift; sourceTree = "<group>"; };
		4E25A6542C3C33BE00066DFD /* HayTableView.swift */ = {isa = PBXFileReference; fileEncoding = 4; lastKnownFileType = sourcecode.swift; path = HayTableView.swift; sourceTree = "<group>"; };
		4E25A6552C3C33BE00066DFD /* HayViewModel.swift */ = {isa = PBXFileReference; fileEncoding = 4; lastKnownFileType = sourcecode.swift; path = HayViewModel.swift; sourceTree = "<group>"; };
		4E25A6672C3C33DE00066DFD /* Inspiration.swift */ = {isa = PBXFileReference; fileEncoding = 4; lastKnownFileType = sourcecode.swift; path = Inspiration.swift; sourceTree = "<group>"; };
		4E25A6682C3C33DE00066DFD /* Designer.swift */ = {isa = PBXFileReference; fileEncoding = 4; lastKnownFileType = sourcecode.swift; path = Designer.swift; sourceTree = "<group>"; };
		4E25A6692C3C33DE00066DFD /* Category.swift */ = {isa = PBXFileReference; fileEncoding = 4; lastKnownFileType = sourcecode.swift; path = Category.swift; sourceTree = "<group>"; };
		4E25A66A2C3C33DE00066DFD /* Product.swift */ = {isa = PBXFileReference; fileEncoding = 4; lastKnownFileType = sourcecode.swift; path = Product.swift; sourceTree = "<group>"; };
		4E25A66F2C3C33E900066DFD /* HayEndpoints.swift */ = {isa = PBXFileReference; fileEncoding = 4; lastKnownFileType = sourcecode.swift; path = HayEndpoints.swift; sourceTree = "<group>"; };
		4E25A6702C3C33E900066DFD /* HayServices.swift */ = {isa = PBXFileReference; fileEncoding = 4; lastKnownFileType = sourcecode.swift; path = HayServices.swift; sourceTree = "<group>"; };
		4E25A6712C3C33E900066DFD /* API.swift */ = {isa = PBXFileReference; fileEncoding = 4; lastKnownFileType = sourcecode.swift; path = API.swift; sourceTree = "<group>"; };
		4E25A6722C3C33E900066DFD /* RequestProcessorError.swift */ = {isa = PBXFileReference; fileEncoding = 4; lastKnownFileType = sourcecode.swift; path = RequestProcessorError.swift; sourceTree = "<group>"; };
		4E25A6732C3C33E900066DFD /* Endpoint.swift */ = {isa = PBXFileReference; fileEncoding = 4; lastKnownFileType = sourcecode.swift; path = Endpoint.swift; sourceTree = "<group>"; };
		4E25A6792C3C33F000066DFD /* BigHeaderButton.swift */ = {isa = PBXFileReference; fileEncoding = 4; lastKnownFileType = sourcecode.swift; path = BigHeaderButton.swift; sourceTree = "<group>"; };
		4E25A67A2C3C33F000066DFD /* LikeButton.swift */ = {isa = PBXFileReference; fileEncoding = 4; lastKnownFileType = sourcecode.swift; path = LikeButton.swift; sourceTree = "<group>"; };
		4E25A67B2C3C33F000066DFD /* BuyButton.swift */ = {isa = PBXFileReference; fileEncoding = 4; lastKnownFileType = sourcecode.swift; path = BuyButton.swift; sourceTree = "<group>"; };
		4E25A67F2C3C33F700066DFD /* Constants.swift */ = {isa = PBXFileReference; fileEncoding = 4; lastKnownFileType = sourcecode.swift; path = Constants.swift; sourceTree = "<group>"; };
		4E25A6802C3C33F700066DFD /* UIColor + customColor.swift */ = {isa = PBXFileReference; fileEncoding = 4; lastKnownFileType = sourcecode.swift; path = "UIColor + customColor.swift"; sourceTree = "<group>"; };
		4E25A6812C3C33F700066DFD /* UITableView + registerCell.swift */ = {isa = PBXFileReference; fileEncoding = 4; lastKnownFileType = sourcecode.swift; path = "UITableView + registerCell.swift"; sourceTree = "<group>"; };
		4E25A69B2C44F0DC00066DFD /* Observer.swift */ = {isa = PBXFileReference; lastKnownFileType = sourcecode.swift; path = Observer.swift; sourceTree = "<group>"; };
		4E25A6BA2C494CC900066DFD /* ICoreDataService.swift */ = {isa = PBXFileReference; lastKnownFileType = sourcecode.swift; path = ICoreDataService.swift; sourceTree = "<group>"; };
		4E25A6BE2C494D9A00066DFD /* CoreDataService.swift */ = {isa = PBXFileReference; lastKnownFileType = sourcecode.swift; path = CoreDataService.swift; sourceTree = "<group>"; };
		4E25A6C12C4951E600066DFD /* FavouriteProductsView.swift */ = {isa = PBXFileReference; lastKnownFileType = sourcecode.swift; path = FavouriteProductsView.swift; sourceTree = "<group>"; };
		4E25A6C32C49520200066DFD /* FavouriteProductsViewController.swift */ = {isa = PBXFileReference; lastKnownFileType = sourcecode.swift; path = FavouriteProductsViewController.swift; sourceTree = "<group>"; };
		4E25A6C52C49525400066DFD /* FavouriteProductsViewModel.swift */ = {isa = PBXFileReference; lastKnownFileType = sourcecode.swift; path = FavouriteProductsViewModel.swift; sourceTree = "<group>"; };
		4E25A6C72C49550B00066DFD /* BasicCollectionViewCell.swift */ = {isa = PBXFileReference; lastKnownFileType = sourcecode.swift; path = BasicCollectionViewCell.swift; sourceTree = "<group>"; };
		4E25A6C92C4958B700066DFD /* FavouriteCoordinator.swift */ = {isa = PBXFileReference; lastKnownFileType = sourcecode.swift; path = FavouriteCoordinator.swift; sourceTree = "<group>"; };
		4E25A6CB2C4A363400066DFD /* ArrayDataSource.swift */ = {isa = PBXFileReference; lastKnownFileType = sourcecode.swift; path = ArrayDataSource.swift; sourceTree = "<group>"; };
		4E25A6CD2C4A3B6300066DFD /* FavouriteViewData.swift */ = {isa = PBXFileReference; lastKnownFileType = sourcecode.swift; path = FavouriteViewData.swift; sourceTree = "<group>"; };
		4E4D6C832C6379A800F47B5F /* PersistentContainerStorage.swift */ = {isa = PBXFileReference; lastKnownFileType = sourcecode.swift; path = PersistentContainerStorage.swift; sourceTree = "<group>"; };
		4E4D6C872C6A094C00F47B5F /* ProductCDO.swift */ = {isa = PBXFileReference; lastKnownFileType = sourcecode.swift; path = ProductCDO.swift; sourceTree = "<group>"; };
		4E4D6CBC2C6DDE1400F47B5F /* UIFont + customFont.swift */ = {isa = PBXFileReference; lastKnownFileType = sourcecode.swift; path = "UIFont + customFont.swift"; sourceTree = "<group>"; };
		4E5C24062C79BE54004EC7BF /* ErrorHandler.swift */ = {isa = PBXFileReference; lastKnownFileType = sourcecode.swift; path = ErrorHandler.swift; sourceTree = "<group>"; };
		4EC421862CA160FC000630F2 /* HayProduct+CoreDataClass.swift */ = {isa = PBXFileReference; lastKnownFileType = sourcecode.swift; path = "HayProduct+CoreDataClass.swift"; sourceTree = SOURCE_ROOT; };
		4EC421872CA160FC000630F2 /* HayProduct+CoreDataProperties.swift */ = {isa = PBXFileReference; lastKnownFileType = sourcecode.swift; path = "HayProduct+CoreDataProperties.swift"; sourceTree = SOURCE_ROOT; };
		4EC4218C2CA1614D000630F2 /* Basket+CoreDataClass.swift */ = {isa = PBXFileReference; lastKnownFileType = sourcecode.swift; path = "Basket+CoreDataClass.swift"; sourceTree = SOURCE_ROOT; };
		4EC4218D2CA1614D000630F2 /* Basket+CoreDataProperties.swift */ = {isa = PBXFileReference; lastKnownFileType = sourcecode.swift; path = "Basket+CoreDataProperties.swift"; sourceTree = SOURCE_ROOT; };
		4ECD031E2C9C38C80070BB9C /* BasketCoordinator.swift */ = {isa = PBXFileReference; lastKnownFileType = sourcecode.swift; path = BasketCoordinator.swift; sourceTree = "<group>"; };
		4EDF6E692C803912007FAAEE /* HayTableViewSections.swift */ = {isa = PBXFileReference; lastKnownFileType = sourcecode.swift; path = HayTableViewSections.swift; sourceTree = "<group>"; };
		4EFA9A872C8456530051E52A /* LabelFactory.swift */ = {isa = PBXFileReference; lastKnownFileType = sourcecode.swift; path = LabelFactory.swift; sourceTree = "<group>"; };
		4EFA9A892C8466E10051E52A /* DataFetcher.swift */ = {isa = PBXFileReference; lastKnownFileType = sourcecode.swift; path = DataFetcher.swift; sourceTree = "<group>"; };
/* End PBXFileReference section */

/* Begin PBXFileSystemSynchronizedRootGroup section */
		4ECD02B52C9C1A9F0070BB9C /* UIElementManagers */ = {isa = PBXFileSystemSynchronizedRootGroup; explicitFileTypes = {}; explicitFolders = (); path = UIElementManagers; sourceTree = "<group>"; };
		4ECD02BC2C9C33690070BB9C /* DetailModules */ = {isa = PBXFileSystemSynchronizedRootGroup; explicitFileTypes = {}; explicitFolders = (); path = DetailModules; sourceTree = "<group>"; };
		4ECD02F22C9C33790070BB9C /* HaySubModules */ = {isa = PBXFileSystemSynchronizedRootGroup; explicitFileTypes = {}; explicitFolders = (); path = HaySubModules; sourceTree = "<group>"; };
		4ECD03142C9C33E30070BB9C /* Basket */ = {isa = PBXFileSystemSynchronizedRootGroup; explicitFileTypes = {}; explicitFolders = (); path = Basket; sourceTree = "<group>"; };
/* End PBXFileSystemSynchronizedRootGroup section */

/* Begin PBXFrameworksBuildPhase section */
		4E25A62C2C3C332E00066DFD /* Frameworks */ = {
			isa = PBXFrameworksBuildPhase;
			buildActionMask = 2147483647;
			files = (
			);
			runOnlyForDeploymentPostprocessing = 0;
		};
/* End PBXFrameworksBuildPhase section */

/* Begin PBXGroup section */
		4E25A6262C3C332E00066DFD = {
			isa = PBXGroup;
			children = (
				4E25A6312C3C332E00066DFD /* Project */,
				4E25A6302C3C332E00066DFD /* Products */,
			);
			sourceTree = "<group>";
		};
		4E25A6302C3C332E00066DFD /* Products */ = {
			isa = PBXGroup;
			children = (
				4E25A62F2C3C332E00066DFD /* Project.app */,
			);
			name = Products;
			sourceTree = "<group>";
		};
		4E25A6312C3C332E00066DFD /* Project */ = {
			isa = PBXGroup;
			children = (
				4E25A6852C3C340400066DFD /* App */,
				4E25A6862C3C341900066DFD /* Navigation */,
				4E25A6922C3C34F800066DFD /* Modules */,
				4E25A68D2C3C34A600066DFD /* Models */,
				4E25A68E2C3C34B600066DFD /* Services */,
				4E25A68F2C3C34C000066DFD /* CustomUIElements */,
				4E25A6902C3C34CF00066DFD /* Helpers */,
				4E25A6912C3C34DB00066DFD /* Extensions */,
				4E25A63E2C3C333100066DFD /* Assets.xcassets */,
				4E25A6402C3C333100066DFD /* LaunchScreen.storyboard */,
				4E25A6432C3C333100066DFD /* Info.plist */,
			);
			path = Project;
			sourceTree = "<group>";
		};
		4E25A6852C3C340400066DFD /* App */ = {
			isa = PBXGroup;
			children = (
				4E25A6322C3C332E00066DFD /* AppDelegate.swift */,
				4E25A6342C3C332E00066DFD /* SceneDelegate.swift */,
			);
			path = App;
			sourceTree = "<group>";
		};
		4E25A6862C3C341900066DFD /* Navigation */ = {
			isa = PBXGroup;
			children = (
				4E25A64B2C3C33A800066DFD /* Coordinator.swift */,
				4E25A6872C3C342A00066DFD /* TabBar */,
				4E25A6882C3C343A00066DFD /* TabBarItemCoordinators */,
			);
			path = Navigation;
			sourceTree = "<group>";
		};
		4E25A6872C3C342A00066DFD /* TabBar */ = {
			isa = PBXGroup;
			children = (
				4E25A64D2C3C33AE00066DFD /* HayTabBarController.swift */,
				4E25A64F2C3C33B200066DFD /* TabBarCoordinator.swift */,
			);
			path = TabBar;
			sourceTree = "<group>";
		};
		4E25A6882C3C343A00066DFD /* TabBarItemCoordinators */ = {
			isa = PBXGroup;
			children = (
				4E25A6492C3C33A200066DFD /* HayCoordinator.swift */,
				4E25A6C92C4958B700066DFD /* FavouriteCoordinator.swift */,
				4ECD031E2C9C38C80070BB9C /* BasketCoordinator.swift */,
			);
			path = TabBarItemCoordinators;
			sourceTree = "<group>";
		};
		4E25A6892C3C347000066DFD /* Hay */ = {
			isa = PBXGroup;
			children = (
				4E25A6532C3C33BE00066DFD /* HayViewController.swift */,
				4E25A6512C3C33BE00066DFD /* HayView.swift */,
				4E25A6542C3C33BE00066DFD /* HayTableView.swift */,
				4E25A6552C3C33BE00066DFD /* HayViewModel.swift */,
				4E25A6522C3C33BE00066DFD /* HayViewData.swift */,
				4EDF6E692C803912007FAAEE /* HayTableViewSections.swift */,
				4ECD02F22C9C33790070BB9C /* HaySubModules */,
			);
			path = Hay;
			sourceTree = "<group>";
		};
		4E25A68D2C3C34A600066DFD /* Models */ = {
			isa = PBXGroup;
			children = (
				4E4D6C892C6A099F00F47B5F /* ModelsDTO */,
				4E4D6C8A2C6A09B800F47B5F /* ModelsCDO */,
			);
			path = Models;
			sourceTree = "<group>";
		};
		4E25A68E2C3C34B600066DFD /* Services */ = {
			isa = PBXGroup;
			children = (
				4ECD02B52C9C1A9F0070BB9C /* UIElementManagers */,
				4E4D6C972C6A0F8F00F47B5F /* Network */,
				4E25A6B82C494B8800066DFD /* CoreData */,
			);
			path = Services;
			sourceTree = "<group>";
		};
		4E25A68F2C3C34C000066DFD /* CustomUIElements */ = {
			isa = PBXGroup;
			children = (
				4E5C24082C7C3FD6004EC7BF /* ProductCell */,
				4E25A6792C3C33F000066DFD /* BigHeaderButton.swift */,
				4E25A67B2C3C33F000066DFD /* BuyButton.swift */,
				4E25A67A2C3C33F000066DFD /* LikeButton.swift */,
				4EFA9A872C8456530051E52A /* LabelFactory.swift */,
			);
			path = CustomUIElements;
			sourceTree = "<group>";
		};
		4E25A6902C3C34CF00066DFD /* Helpers */ = {
			isa = PBXGroup;
			children = (
				4E25A6A12C4668EC00066DFD /* Observer */,
				4E25A67F2C3C33F700066DFD /* Constants.swift */,
				4E5C24062C79BE54004EC7BF /* ErrorHandler.swift */,
			);
			path = Helpers;
			sourceTree = "<group>";
		};
		4E25A6912C3C34DB00066DFD /* Extensions */ = {
			isa = PBXGroup;
			children = (
				4E25A6802C3C33F700066DFD /* UIColor + customColor.swift */,
				4E25A6812C3C33F700066DFD /* UITableView + registerCell.swift */,
				4E4D6CBC2C6DDE1400F47B5F /* UIFont + customFont.swift */,
			);
			path = Extensions;
			sourceTree = "<group>";
		};
		4E25A6922C3C34F800066DFD /* Modules */ = {
			isa = PBXGroup;
			children = (
				4E25A6892C3C347000066DFD /* Hay */,
				4E25A6C02C49517A00066DFD /* FavouriteProducts */,
				4ECD03142C9C33E30070BB9C /* Basket */,
				4ECD02BC2C9C33690070BB9C /* DetailModules */,
			);
			path = Modules;
			sourceTree = "<group>";
		};
		4E25A6A12C4668EC00066DFD /* Observer */ = {
			isa = PBXGroup;
			children = (
				4E25A69B2C44F0DC00066DFD /* Observer.swift */,
				4E25A6CB2C4A363400066DFD /* ArrayDataSource.swift */,
			);
			path = Observer;
			sourceTree = "<group>";
		};
		4E25A6B82C494B8800066DFD /* CoreData */ = {
			isa = PBXGroup;
			children = (
				4E25A6B92C494B9E00066DFD /* Entity */,
				4E25A6BC2C494D6C00066DFD /* DataBase */,
				4E25A6BD2C494D7700066DFD /* Service */,
			);
			path = CoreData;
			sourceTree = "<group>";
		};
		4E25A6B92C494B9E00066DFD /* Entity */ = {
			isa = PBXGroup;
			children = (
				4EC4218C2CA1614D000630F2 /* Basket+CoreDataClass.swift */,
				4EC4218D2CA1614D000630F2 /* Basket+CoreDataProperties.swift */,
				4EC421862CA160FC000630F2 /* HayProduct+CoreDataClass.swift */,
				4EC421872CA160FC000630F2 /* HayProduct+CoreDataProperties.swift */,
			);
			path = Entity;
			sourceTree = "<group>";
		};
		4E25A6BC2C494D6C00066DFD /* DataBase */ = {
			isa = PBXGroup;
			children = (
				4E25A63B2C3C332E00066DFD /* Project.xcdatamodeld */,
			);
			path = DataBase;
			sourceTree = "<group>";
		};
		4E25A6BD2C494D7700066DFD /* Service */ = {
			isa = PBXGroup;
			children = (
				4E25A6BA2C494CC900066DFD /* ICoreDataService.swift */,
				4E25A6BE2C494D9A00066DFD /* CoreDataService.swift */,
				4E4D6C832C6379A800F47B5F /* PersistentContainerStorage.swift */,
			);
			path = Service;
			sourceTree = "<group>";
		};
		4E25A6C02C49517A00066DFD /* FavouriteProducts */ = {
			isa = PBXGroup;
			children = (
				4E25A6C32C49520200066DFD /* FavouriteProductsViewController.swift */,
				4E25A6C12C4951E600066DFD /* FavouriteProductsView.swift */,
				4E25A6C52C49525400066DFD /* FavouriteProductsViewModel.swift */,
				4E25A6CD2C4A3B6300066DFD /* FavouriteViewData.swift */,
			);
			path = FavouriteProducts;
			sourceTree = "<group>";
		};
		4E4D6C892C6A099F00F47B5F /* ModelsDTO */ = {
			isa = PBXGroup;
			children = (
				4E25A66A2C3C33DE00066DFD /* Product.swift */,
				4E25A6692C3C33DE00066DFD /* Category.swift */,
				4E25A6682C3C33DE00066DFD /* Designer.swift */,
				4E25A6672C3C33DE00066DFD /* Inspiration.swift */,
			);
			name = ModelsDTO;
			sourceTree = "<group>";
		};
		4E4D6C8A2C6A09B800F47B5F /* ModelsCDO */ = {
			isa = PBXGroup;
			children = (
				4E4D6C872C6A094C00F47B5F /* ProductCDO.swift */,
			);
			name = ModelsCDO;
			sourceTree = "<group>";
		};
		4E4D6C972C6A0F8F00F47B5F /* Network */ = {
			isa = PBXGroup;
			children = (
				4E25A6712C3C33E900066DFD /* API.swift */,
				4E25A6732C3C33E900066DFD /* Endpoint.swift */,
				4E25A66F2C3C33E900066DFD /* HayEndpoints.swift */,
				4E25A6702C3C33E900066DFD /* HayServices.swift */,
				4E25A6722C3C33E900066DFD /* RequestProcessorError.swift */,
				4EFA9A892C8466E10051E52A /* DataFetcher.swift */,
			);
			path = Network;
			sourceTree = "<group>";
		};
		4E5C24082C7C3FD6004EC7BF /* ProductCell */ = {
			isa = PBXGroup;
			children = (
				4E25A6C72C49550B00066DFD /* BasicCollectionViewCell.swift */,
			);
			path = ProductCell;
			sourceTree = "<group>";
		};
/* End PBXGroup section */

/* Begin PBXNativeTarget section */
		4E25A62E2C3C332E00066DFD /* Project */ = {
			isa = PBXNativeTarget;
			buildConfigurationList = 4E25A6462C3C333100066DFD /* Build configuration list for PBXNativeTarget "Project" */;
			buildPhases = (
				4E25A62B2C3C332E00066DFD /* Sources */,
				4E25A62C2C3C332E00066DFD /* Frameworks */,
				4E25A62D2C3C332E00066DFD /* Resources */,
			);
			buildRules = (
			);
			dependencies = (
			);
			fileSystemSynchronizedGroups = (
				4ECD02B52C9C1A9F0070BB9C /* UIElementManagers */,
				4ECD02BC2C9C33690070BB9C /* DetailModules */,
				4ECD02F22C9C33790070BB9C /* HaySubModules */,
				4ECD03142C9C33E30070BB9C /* Basket */,
			);
			name = Project;
			productName = Project;
			productReference = 4E25A62F2C3C332E00066DFD /* Project.app */;
			productType = "com.apple.product-type.application";
		};
/* End PBXNativeTarget section */

/* Begin PBXProject section */
		4E25A6272C3C332E00066DFD /* Project object */ = {
			isa = PBXProject;
			attributes = {
				BuildIndependentTargetsInParallel = 1;
				LastSwiftUpdateCheck = 1500;
				LastUpgradeCheck = 1500;
				TargetAttributes = {
					4E25A62E2C3C332E00066DFD = {
						CreatedOnToolsVersion = 15.0;
					};
				};
			};
			buildConfigurationList = 4E25A62A2C3C332E00066DFD /* Build configuration list for PBXProject "Project" */;
			compatibilityVersion = "Xcode 14.0";
			developmentRegion = en;
			hasScannedForEncodings = 0;
			knownRegions = (
				en,
				Base,
			);
			mainGroup = 4E25A6262C3C332E00066DFD;
			productRefGroup = 4E25A6302C3C332E00066DFD /* Products */;
			projectDirPath = "";
			projectRoot = "";
			targets = (
				4E25A62E2C3C332E00066DFD /* Project */,
			);
		};
/* End PBXProject section */

/* Begin PBXResourcesBuildPhase section */
		4E25A62D2C3C332E00066DFD /* Resources */ = {
			isa = PBXResourcesBuildPhase;
			buildActionMask = 2147483647;
			files = (
				4E25A6422C3C333100066DFD /* LaunchScreen.storyboard in Resources */,
				4E25A63F2C3C333100066DFD /* Assets.xcassets in Resources */,
			);
			runOnlyForDeploymentPostprocessing = 0;
		};
/* End PBXResourcesBuildPhase section */

/* Begin PBXSourcesBuildPhase section */
		4E25A62B2C3C332E00066DFD /* Sources */ = {
			isa = PBXSourcesBuildPhase;
			buildActionMask = 2147483647;
			files = (
				4EC4218E2CA1614D000630F2 /* Basket+CoreDataClass.swift in Sources */,
				4EC4218F2CA1614D000630F2 /* Basket+CoreDataProperties.swift in Sources */,
				4E25A64A2C3C33A200066DFD /* HayCoordinator.swift in Sources */,
				4E25A65A2C3C33BE00066DFD /* HayViewModel.swift in Sources */,
				4E25A6592C3C33BE00066DFD /* HayTableView.swift in Sources */,
				4E4D6CBD2C6DDE1500F47B5F /* UIFont + customFont.swift in Sources */,
				4EDF6E6A2C803912007FAAEE /* HayTableViewSections.swift in Sources */,
				4E25A6C22C4951E600066DFD /* FavouriteProductsView.swift in Sources */,
				4E25A6582C3C33BE00066DFD /* HayViewController.swift in Sources */,
				4E25A6752C3C33E900066DFD /* HayServices.swift in Sources */,
				4E25A6822C3C33F800066DFD /* Constants.swift in Sources */,
				4E25A69C2C44F0DC00066DFD /* Observer.swift in Sources */,
				4ECD031F2C9C38C80070BB9C /* BasketCoordinator.swift in Sources */,
				4E25A6502C3C33B200066DFD /* TabBarCoordinator.swift in Sources */,
				4E25A6762C3C33E900066DFD /* API.swift in Sources */,
				4E25A64C2C3C33A800066DFD /* Coordinator.swift in Sources */,
				4E25A66C2C3C33DE00066DFD /* Designer.swift in Sources */,
				4EFA9A8A2C8466E10051E52A /* DataFetcher.swift in Sources */,
				4E25A6CE2C4A3B6300066DFD /* FavouriteViewData.swift in Sources */,
				4E25A6332C3C332E00066DFD /* AppDelegate.swift in Sources */,
				4E25A6C42C49520200066DFD /* FavouriteProductsViewController.swift in Sources */,
				4E25A64E2C3C33AE00066DFD /* HayTabBarController.swift in Sources */,
				4E25A6782C3C33E900066DFD /* Endpoint.swift in Sources */,
				4EFA9A882C8456540051E52A /* LabelFactory.swift in Sources */,
				4E25A6832C3C33F800066DFD /* UIColor + customColor.swift in Sources */,
				4EC4218A2CA160FC000630F2 /* HayProduct+CoreDataProperties.swift in Sources */,
				4EC4218B2CA160FC000630F2 /* HayProduct+CoreDataClass.swift in Sources */,
				4E25A67C2C3C33F000066DFD /* BigHeaderButton.swift in Sources */,
				4E25A66E2C3C33DE00066DFD /* Product.swift in Sources */,
				4E25A6562C3C33BE00066DFD /* HayView.swift in Sources */,
				4E25A6CA2C4958B700066DFD /* FavouriteCoordinator.swift in Sources */,
				4E5C24072C79BE54004EC7BF /* ErrorHandler.swift in Sources */,
				4E25A6BB2C494CC900066DFD /* ICoreDataService.swift in Sources */,
				4E25A6CC2C4A363400066DFD /* ArrayDataSource.swift in Sources */,
				4E25A6352C3C332E00066DFD /* SceneDelegate.swift in Sources */,
				4E25A6842C3C33F800066DFD /* UITableView + registerCell.swift in Sources */,
				4E4D6C842C6379A800F47B5F /* PersistentContainerStorage.swift in Sources */,
				4E25A6C82C49550B00066DFD /* BasicCollectionViewCell.swift in Sources */,
				4E25A63D2C3C332E00066DFD /* Project.xcdatamodeld in Sources */,
				4E25A66B2C3C33DE00066DFD /* Inspiration.swift in Sources */,
				4E25A67E2C3C33F000066DFD /* BuyButton.swift in Sources */,
				4E25A6BF2C494D9A00066DFD /* CoreDataService.swift in Sources */,
				4E25A6742C3C33E900066DFD /* HayEndpoints.swift in Sources */,
				4E25A6772C3C33E900066DFD /* RequestProcessorError.swift in Sources */,
				4E25A6C62C49525400066DFD /* FavouriteProductsViewModel.swift in Sources */,
				4E4D6C882C6A094D00F47B5F /* ProductCDO.swift in Sources */,
				4E25A6572C3C33BE00066DFD /* HayViewData.swift in Sources */,
				4E25A67D2C3C33F000066DFD /* LikeButton.swift in Sources */,
				4E25A66D2C3C33DE00066DFD /* Category.swift in Sources */,
			);
			runOnlyForDeploymentPostprocessing = 0;
		};
/* End PBXSourcesBuildPhase section */

/* Begin PBXVariantGroup section */
		4E25A6402C3C333100066DFD /* LaunchScreen.storyboard */ = {
			isa = PBXVariantGroup;
			children = (
				4E25A6412C3C333100066DFD /* Base */,
			);
			name = LaunchScreen.storyboard;
			sourceTree = "<group>";
		};
/* End PBXVariantGroup section */

/* Begin XCBuildConfiguration section */
		4E25A6442C3C333100066DFD /* Debug */ = {
			isa = XCBuildConfiguration;
			buildSettings = {
				ALWAYS_SEARCH_USER_PATHS = NO;
				ASSETCATALOG_COMPILER_GENERATE_SWIFT_ASSET_SYMBOL_EXTENSIONS = YES;
				CLANG_ANALYZER_NONNULL = YES;
				CLANG_ANALYZER_NUMBER_OBJECT_CONVERSION = YES_AGGRESSIVE;
				CLANG_CXX_LANGUAGE_STANDARD = "gnu++20";
				CLANG_ENABLE_MODULES = YES;
				CLANG_ENABLE_OBJC_ARC = YES;
				CLANG_ENABLE_OBJC_WEAK = YES;
				CLANG_WARN_BLOCK_CAPTURE_AUTORELEASING = YES;
				CLANG_WARN_BOOL_CONVERSION = YES;
				CLANG_WARN_COMMA = YES;
				CLANG_WARN_CONSTANT_CONVERSION = YES;
				CLANG_WARN_DEPRECATED_OBJC_IMPLEMENTATIONS = YES;
				CLANG_WARN_DIRECT_OBJC_ISA_USAGE = YES_ERROR;
				CLANG_WARN_DOCUMENTATION_COMMENTS = YES;
				CLANG_WARN_EMPTY_BODY = YES;
				CLANG_WARN_ENUM_CONVERSION = YES;
				CLANG_WARN_INFINITE_RECURSION = YES;
				CLANG_WARN_INT_CONVERSION = YES;
				CLANG_WARN_NON_LITERAL_NULL_CONVERSION = YES;
				CLANG_WARN_OBJC_IMPLICIT_RETAIN_SELF = YES;
				CLANG_WARN_OBJC_LITERAL_CONVERSION = YES;
				CLANG_WARN_OBJC_ROOT_CLASS = YES_ERROR;
				CLANG_WARN_QUOTED_INCLUDE_IN_FRAMEWORK_HEADER = YES;
				CLANG_WARN_RANGE_LOOP_ANALYSIS = YES;
				CLANG_WARN_STRICT_PROTOTYPES = YES;
				CLANG_WARN_SUSPICIOUS_MOVE = YES;
				CLANG_WARN_UNGUARDED_AVAILABILITY = YES_AGGRESSIVE;
				CLANG_WARN_UNREACHABLE_CODE = YES;
				CLANG_WARN__DUPLICATE_METHOD_MATCH = YES;
				COPY_PHASE_STRIP = NO;
				DEBUG_INFORMATION_FORMAT = dwarf;
				ENABLE_STRICT_OBJC_MSGSEND = YES;
				ENABLE_TESTABILITY = YES;
				ENABLE_USER_SCRIPT_SANDBOXING = YES;
				GCC_C_LANGUAGE_STANDARD = gnu17;
				GCC_DYNAMIC_NO_PIC = NO;
				GCC_NO_COMMON_BLOCKS = YES;
				GCC_OPTIMIZATION_LEVEL = 0;
				GCC_PREPROCESSOR_DEFINITIONS = (
					"DEBUG=1",
					"$(inherited)",
				);
				GCC_WARN_64_TO_32_BIT_CONVERSION = YES;
				GCC_WARN_ABOUT_RETURN_TYPE = YES_ERROR;
				GCC_WARN_UNDECLARED_SELECTOR = YES;
				GCC_WARN_UNINITIALIZED_AUTOS = YES_AGGRESSIVE;
				GCC_WARN_UNUSED_FUNCTION = YES;
				GCC_WARN_UNUSED_VARIABLE = YES;
				IPHONEOS_DEPLOYMENT_TARGET = 17.0;
				LOCALIZATION_PREFERS_STRING_CATALOGS = YES;
				MTL_ENABLE_DEBUG_INFO = INCLUDE_SOURCE;
				MTL_FAST_MATH = YES;
				ONLY_ACTIVE_ARCH = YES;
				SDKROOT = iphoneos;
				SWIFT_ACTIVE_COMPILATION_CONDITIONS = "DEBUG $(inherited)";
				SWIFT_OPTIMIZATION_LEVEL = "-Onone";
			};
			name = Debug;
		};
		4E25A6452C3C333100066DFD /* Release */ = {
			isa = XCBuildConfiguration;
			buildSettings = {
				ALWAYS_SEARCH_USER_PATHS = NO;
				ASSETCATALOG_COMPILER_GENERATE_SWIFT_ASSET_SYMBOL_EXTENSIONS = YES;
				CLANG_ANALYZER_NONNULL = YES;
				CLANG_ANALYZER_NUMBER_OBJECT_CONVERSION = YES_AGGRESSIVE;
				CLANG_CXX_LANGUAGE_STANDARD = "gnu++20";
				CLANG_ENABLE_MODULES = YES;
				CLANG_ENABLE_OBJC_ARC = YES;
				CLANG_ENABLE_OBJC_WEAK = YES;
				CLANG_WARN_BLOCK_CAPTURE_AUTORELEASING = YES;
				CLANG_WARN_BOOL_CONVERSION = YES;
				CLANG_WARN_COMMA = YES;
				CLANG_WARN_CONSTANT_CONVERSION = YES;
				CLANG_WARN_DEPRECATED_OBJC_IMPLEMENTATIONS = YES;
				CLANG_WARN_DIRECT_OBJC_ISA_USAGE = YES_ERROR;
				CLANG_WARN_DOCUMENTATION_COMMENTS = YES;
				CLANG_WARN_EMPTY_BODY = YES;
				CLANG_WARN_ENUM_CONVERSION = YES;
				CLANG_WARN_INFINITE_RECURSION = YES;
				CLANG_WARN_INT_CONVERSION = YES;
				CLANG_WARN_NON_LITERAL_NULL_CONVERSION = YES;
				CLANG_WARN_OBJC_IMPLICIT_RETAIN_SELF = YES;
				CLANG_WARN_OBJC_LITERAL_CONVERSION = YES;
				CLANG_WARN_OBJC_ROOT_CLASS = YES_ERROR;
				CLANG_WARN_QUOTED_INCLUDE_IN_FRAMEWORK_HEADER = YES;
				CLANG_WARN_RANGE_LOOP_ANALYSIS = YES;
				CLANG_WARN_STRICT_PROTOTYPES = YES;
				CLANG_WARN_SUSPICIOUS_MOVE = YES;
				CLANG_WARN_UNGUARDED_AVAILABILITY = YES_AGGRESSIVE;
				CLANG_WARN_UNREACHABLE_CODE = YES;
				CLANG_WARN__DUPLICATE_METHOD_MATCH = YES;
				COPY_PHASE_STRIP = NO;
				DEBUG_INFORMATION_FORMAT = "dwarf-with-dsym";
				ENABLE_NS_ASSERTIONS = NO;
				ENABLE_STRICT_OBJC_MSGSEND = YES;
				ENABLE_USER_SCRIPT_SANDBOXING = YES;
				GCC_C_LANGUAGE_STANDARD = gnu17;
				GCC_NO_COMMON_BLOCKS = YES;
				GCC_WARN_64_TO_32_BIT_CONVERSION = YES;
				GCC_WARN_ABOUT_RETURN_TYPE = YES_ERROR;
				GCC_WARN_UNDECLARED_SELECTOR = YES;
				GCC_WARN_UNINITIALIZED_AUTOS = YES_AGGRESSIVE;
				GCC_WARN_UNUSED_FUNCTION = YES;
				GCC_WARN_UNUSED_VARIABLE = YES;
				IPHONEOS_DEPLOYMENT_TARGET = 17.0;
				LOCALIZATION_PREFERS_STRING_CATALOGS = YES;
				MTL_ENABLE_DEBUG_INFO = NO;
				MTL_FAST_MATH = YES;
				SDKROOT = iphoneos;
				SWIFT_COMPILATION_MODE = wholemodule;
				VALIDATE_PRODUCT = YES;
			};
			name = Release;
		};
		4E25A6472C3C333100066DFD /* Debug */ = {
			isa = XCBuildConfiguration;
			buildSettings = {
				ASSETCATALOG_COMPILER_APPICON_NAME = AppIcon;
				ASSETCATALOG_COMPILER_GLOBAL_ACCENT_COLOR_NAME = AccentColor;
				CODE_SIGN_STYLE = Automatic;
				CURRENT_PROJECT_VERSION = 1;
				DEVELOPMENT_TEAM = KA9UYNJBGG;
				GENERATE_INFOPLIST_FILE = YES;
				INFOPLIST_FILE = Project/Info.plist;
				INFOPLIST_KEY_UIApplicationSupportsIndirectInputEvents = YES;
				INFOPLIST_KEY_UILaunchStoryboardName = LaunchScreen;
				INFOPLIST_KEY_UISupportedInterfaceOrientations_iPad = "UIInterfaceOrientationPortrait UIInterfaceOrientationPortraitUpsideDown UIInterfaceOrientationLandscapeLeft UIInterfaceOrientationLandscapeRight";
				INFOPLIST_KEY_UISupportedInterfaceOrientations_iPhone = "UIInterfaceOrientationPortrait UIInterfaceOrientationLandscapeLeft UIInterfaceOrientationLandscapeRight";
				LD_RUNPATH_SEARCH_PATHS = (
					"$(inherited)",
					"@executable_path/Frameworks",
				);
				MARKETING_VERSION = 1.0;
				PRODUCT_BUNDLE_IDENTIFIER = com.hay.project;
				PRODUCT_NAME = "$(TARGET_NAME)";
				SWIFT_EMIT_LOC_STRINGS = YES;
				SWIFT_VERSION = 5.0;
				TARGETED_DEVICE_FAMILY = "1,2";
			};
			name = Debug;
		};
		4E25A6482C3C333100066DFD /* Release */ = {
			isa = XCBuildConfiguration;
			buildSettings = {
				ASSETCATALOG_COMPILER_APPICON_NAME = AppIcon;
				ASSETCATALOG_COMPILER_GLOBAL_ACCENT_COLOR_NAME = AccentColor;
				CODE_SIGN_STYLE = Automatic;
				CURRENT_PROJECT_VERSION = 1;
				DEVELOPMENT_TEAM = KA9UYNJBGG;
				GENERATE_INFOPLIST_FILE = YES;
				INFOPLIST_FILE = Project/Info.plist;
				INFOPLIST_KEY_UIApplicationSupportsIndirectInputEvents = YES;
				INFOPLIST_KEY_UILaunchStoryboardName = LaunchScreen;
				INFOPLIST_KEY_UISupportedInterfaceOrientations_iPad = "UIInterfaceOrientationPortrait UIInterfaceOrientationPortraitUpsideDown UIInterfaceOrientationLandscapeLeft UIInterfaceOrientationLandscapeRight";
				INFOPLIST_KEY_UISupportedInterfaceOrientations_iPhone = "UIInterfaceOrientationPortrait UIInterfaceOrientationLandscapeLeft UIInterfaceOrientationLandscapeRight";
				LD_RUNPATH_SEARCH_PATHS = (
					"$(inherited)",
					"@executable_path/Frameworks",
				);
				MARKETING_VERSION = 1.0;
				PRODUCT_BUNDLE_IDENTIFIER = com.hay.project;
				PRODUCT_NAME = "$(TARGET_NAME)";
				SWIFT_EMIT_LOC_STRINGS = YES;
				SWIFT_VERSION = 5.0;
				TARGETED_DEVICE_FAMILY = "1,2";
			};
			name = Release;
		};
/* End XCBuildConfiguration section */

/* Begin XCConfigurationList section */
		4E25A62A2C3C332E00066DFD /* Build configuration list for PBXProject "Project" */ = {
			isa = XCConfigurationList;
			buildConfigurations = (
				4E25A6442C3C333100066DFD /* Debug */,
				4E25A6452C3C333100066DFD /* Release */,
			);
			defaultConfigurationIsVisible = 0;
			defaultConfigurationName = Release;
		};
		4E25A6462C3C333100066DFD /* Build configuration list for PBXNativeTarget "Project" */ = {
			isa = XCConfigurationList;
			buildConfigurations = (
				4E25A6472C3C333100066DFD /* Debug */,
				4E25A6482C3C333100066DFD /* Release */,
			);
			defaultConfigurationIsVisible = 0;
			defaultConfigurationName = Release;
		};
/* End XCConfigurationList section */

/* Begin XCVersionGroup section */
		4E25A63B2C3C332E00066DFD /* Project.xcdatamodeld */ = {
			isa = XCVersionGroup;
			children = (
				4E25A63C2C3C332E00066DFD /* Project.xcdatamodel */,
			);
			currentVersion = 4E25A63C2C3C332E00066DFD /* Project.xcdatamodel */;
			path = Project.xcdatamodeld;
			sourceTree = "<group>";
			versionGroupType = wrapper.xcdatamodel;
		};
/* End XCVersionGroup section */
	};
	rootObject = 4E25A6272C3C332E00066DFD /* Project object */;
}
